
Microsoft Visual Studio Solution File, Format Version 12.00
# Visual Studio Version 16
VisualStudioVersion = 16.0.29519.87
MinimumVisualStudioVersion = 10.0.40219.1
Project("{9A19103F-16F7-4668-BE54-9A1E7A4F7556}") = "SupMagasin", "SupMagasin\SupMagasin.csproj", "{2566D0E7-3161-4A5A-9EE1-680F099EA98D}"
EndProject
Project("{FAE04EC0-301F-11D3-BF4B-00C04F79EFBC}") = "TestMongo", "TestMongo\TestMongo.csproj", "{4730B5FB-AB87-46A1-A7F1-D787543C407B}"
EndProject
Project("{FAE04EC0-301F-11D3-BF4B-00C04F79EFBC}") = "SerialiserJson", "SerialiserJson\SerialiserJson.csproj", "{BCCB50FA-2FF0-4968-9BDF-6E7D3B572C86}"
EndProject
Global
	GlobalSection(SolutionConfigurationPlatforms) = preSolution
		Debug|Any CPU = Debug|Any CPU
		Release|Any CPU = Release|Any CPU
	EndGlobalSection
	GlobalSection(ProjectConfigurationPlatforms) = postSolution
		{2566D0E7-3161-4A5A-9EE1-680F099EA98D}.Debug|Any CPU.ActiveCfg = Debug|Any CPU
		{2566D0E7-3161-4A5A-9EE1-680F099EA98D}.Debug|Any CPU.Build.0 = Debug|Any CPU
		{2566D0E7-3161-4A5A-9EE1-680F099EA98D}.Release|Any CPU.ActiveCfg = Release|Any CPU
		{2566D0E7-3161-4A5A-9EE1-680F099EA98D}.Release|Any CPU.Build.0 = Release|Any CPU
		{4730B5FB-AB87-46A1-A7F1-D787543C407B}.Debug|Any CPU.ActiveCfg = Debug|Any CPU
		{4730B5FB-AB87-46A1-A7F1-D787543C407B}.Debug|Any CPU.Build.0 = Debug|Any CPU
		{4730B5FB-AB87-46A1-A7F1-D787543C407B}.Release|Any CPU.ActiveCfg = Release|Any CPU
		{4730B5FB-AB87-46A1-A7F1-D787543C407B}.Release|Any CPU.Build.0 = Release|Any CPU
		{BCCB50FA-2FF0-4968-9BDF-6E7D3B572C86}.Debug|Any CPU.ActiveCfg = Debug|Any CPU
		{BCCB50FA-2FF0-4968-9BDF-6E7D3B572C86}.Debug|Any CPU.Build.0 = Debug|Any CPU
		{BCCB50FA-2FF0-4968-9BDF-6E7D3B572C86}.Release|Any CPU.ActiveCfg = Release|Any CPU
		{BCCB50FA-2FF0-4968-9BDF-6E7D3B572C86}.Release|Any CPU.Build.0 = Release|Any CPU
	EndGlobalSection
	GlobalSection(SolutionProperties) = preSolution
		HideSolutionNode = FALSE
	EndGlobalSection
	GlobalSection(ExtensibilityGlobals) = postSolution
		SolutionGuid = {445F9B78-84ED-4FD7-AE51-F24A6E8291D9}
	EndGlobalSection
EndGlobal
